
Microsoft Visual Studio Solution File, Format Version 12.00
# Visual Studio 15
VisualStudioVersion = 15.0.28307.572
MinimumVisualStudioVersion = 10.0.40219.1
Project("{FAE04EC0-301F-11D3-BF4B-00C04F79EFBC}") = "BCDownload", "BCDownload\BCDownload.csproj", "{876045CA-EEA2-4992-A61D-7AAC5D8BB6FD}"
EndProject
Global
	GlobalSection(SolutionConfigurationPlatforms) = preSolution
		Debug|Any CPU = Debug|Any CPU
		Release|Any CPU = Release|Any CPU
	EndGlobalSection
	GlobalSection(ProjectConfigurationPlatforms) = postSolution
		{876045CA-EEA2-4992-A61D-7AAC5D8BB6FD}.Debug|Any CPU.ActiveCfg = Debug|Any CPU
		{876045CA-EEA2-4992-A61D-7AAC5D8BB6FD}.Debug|Any CPU.Build.0 = Debug|Any CPU
		{876045CA-EEA2-4992-A61D-7AAC5D8BB6FD}.Release|Any CPU.ActiveCfg = Release|Any CPU
		{876045CA-EEA2-4992-A61D-7AAC5D8BB6FD}.Release|Any CPU.Build.0 = Release|Any CPU
	EndGlobalSection
	GlobalSection(SolutionProperties) = preSolution
		HideSolutionNode = FALSE
	EndGlobalSection
	GlobalSection(ExtensibilityGlobals) = postSolution
		SolutionGuid = {F158856B-897D-4BCA-B871-2E59FB65AF2E}
	EndGlobalSection
EndGlobal
